
Microsoft Visual Studio Solution File, Format Version 12.00
# Visual Studio 2013
VisualStudioVersion = 12.0.30723.0
MinimumVisualStudioVersion = 10.0.40219.1
Project("{FAE04EC0-301F-11D3-BF4B-00C04F79EFBC}") = "VaBank.UI.Web", "src\VaBank.UI.Web\VaBank.UI.Web.csproj", "{BD4A180E-5912-4DED-87E8-2618544A6AA8}"
EndProject
Project("{FAE04EC0-301F-11D3-BF4B-00C04F79EFBC}") = "VaBank.Data.Migrations", "src\VaBank.Data.Migrations\VaBank.Data.Migrations.csproj", "{4D842337-3816-4752-AAE1-ECE3EC9EDD5B}"
EndProject
Project("{2150E333-8FDC-42A3-9474-1A3956D46DE8}") = "Data", "Data", "{80F35BD9-1E60-4A69-A76A-750171DDA4D6}"
EndProject
Project("{2150E333-8FDC-42A3-9474-1A3956D46DE8}") = "Application", "Application", "{B2DC990F-6300-493F-B4AB-F5E7957FCE6B}"
EndProject
Project("{2150E333-8FDC-42A3-9474-1A3956D46DE8}") = "Deploy", "Deploy", "{CAF1F08A-6305-4A18-9C85-5F588B1FE300}"
	ProjectSection(SolutionItems) = preProject
		deploy\build.bat = deploy\build.bat
		deploy\build.ps1 = deploy\build.ps1
		deploy\dev-migrate.bat = deploy\dev-migrate.bat
		deploy\VaBank.proj = deploy\VaBank.proj
		deploy\VaBank.props = deploy\VaBank.props
	EndProjectSection
EndProject
Project("{2150E333-8FDC-42A3-9474-1A3956D46DE8}") = "Documents", "Documents", "{59742D03-4D93-476D-95EB-0DAC08B37AB1}"
	ProjectSection(SolutionItems) = preProject
		readme.md = readme.md
	EndProjectSection
EndProject
Project("{FAE04EC0-301F-11D3-BF4B-00C04F79EFBC}") = "VaBank.Common", "src\VaBank.Common\VaBank.Common.csproj", "{E06FB03E-8249-4F94-9568-EC1247769273}"
EndProject
Global
	GlobalSection(SolutionConfigurationPlatforms) = preSolution
		Debug|Any CPU = Debug|Any CPU
		Release|Any CPU = Release|Any CPU
	EndGlobalSection
	GlobalSection(ProjectConfigurationPlatforms) = postSolution
		{BD4A180E-5912-4DED-87E8-2618544A6AA8}.Debug|Any CPU.ActiveCfg = Debug|Any CPU
		{BD4A180E-5912-4DED-87E8-2618544A6AA8}.Debug|Any CPU.Build.0 = Debug|Any CPU
		{BD4A180E-5912-4DED-87E8-2618544A6AA8}.Release|Any CPU.ActiveCfg = Release|Any CPU
		{BD4A180E-5912-4DED-87E8-2618544A6AA8}.Release|Any CPU.Build.0 = Release|Any CPU
		{4D842337-3816-4752-AAE1-ECE3EC9EDD5B}.Debug|Any CPU.ActiveCfg = Debug|Any CPU
		{4D842337-3816-4752-AAE1-ECE3EC9EDD5B}.Debug|Any CPU.Build.0 = Debug|Any CPU
		{4D842337-3816-4752-AAE1-ECE3EC9EDD5B}.Release|Any CPU.ActiveCfg = Release|Any CPU
		{4D842337-3816-4752-AAE1-ECE3EC9EDD5B}.Release|Any CPU.Build.0 = Release|Any CPU
		{E06FB03E-8249-4F94-9568-EC1247769273}.Debug|Any CPU.ActiveCfg = Debug|Any CPU
		{E06FB03E-8249-4F94-9568-EC1247769273}.Debug|Any CPU.Build.0 = Debug|Any CPU
		{E06FB03E-8249-4F94-9568-EC1247769273}.Release|Any CPU.ActiveCfg = Release|Any CPU
		{E06FB03E-8249-4F94-9568-EC1247769273}.Release|Any CPU.Build.0 = Release|Any CPU
	EndGlobalSection
	GlobalSection(SolutionProperties) = preSolution
		HideSolutionNode = FALSE
	EndGlobalSection
	GlobalSection(NestedProjects) = preSolution
		{BD4A180E-5912-4DED-87E8-2618544A6AA8} = {B2DC990F-6300-493F-B4AB-F5E7957FCE6B}
		{4D842337-3816-4752-AAE1-ECE3EC9EDD5B} = {80F35BD9-1E60-4A69-A76A-750171DDA4D6}
		{E06FB03E-8249-4F94-9568-EC1247769273} = {B2DC990F-6300-493F-B4AB-F5E7957FCE6B}
	EndGlobalSection
EndGlobal
