
Microsoft Visual Studio Solution File, Format Version 12.00
# Visual Studio 2013
VisualStudioVersion = 12.0.30723.0
MinimumVisualStudioVersion = 10.0.40219.1
Project("{FAE04EC0-301F-11D3-BF4B-00C04F79EFBC}") = "VaBank.UI.Web", "src\VaBank.UI.Web\VaBank.UI.Web.csproj", "{BD4A180E-5912-4DED-87E8-2618544A6AA8}"
	ProjectSection(ProjectDependencies) = postProject
		{ADFBF54D-6506-4AF9-996B-59F55FFC2066} = {ADFBF54D-6506-4AF9-996B-59F55FFC2066}
		{39A10C5C-1058-41D3-B40F-D0ECE134CD6F} = {39A10C5C-1058-41D3-B40F-D0ECE134CD6F}
		{C203F56A-2032-4BA5-A8AA-0CB7FD38B784} = {C203F56A-2032-4BA5-A8AA-0CB7FD38B784}
		{87E0A3C9-5CCD-4154-9EE3-E65CB54EFD0E} = {87E0A3C9-5CCD-4154-9EE3-E65CB54EFD0E}
	EndProjectSection
EndProject
Project("{FAE04EC0-301F-11D3-BF4B-00C04F79EFBC}") = "VaBank.Data.Migrations", "src\VaBank.Data.Migrations\VaBank.Data.Migrations.csproj", "{4D842337-3816-4752-AAE1-ECE3EC9EDD5B}"
EndProject
Project("{2150E333-8FDC-42A3-9474-1A3956D46DE8}") = "Data", "Data", "{80F35BD9-1E60-4A69-A76A-750171DDA4D6}"
EndProject
Project("{2150E333-8FDC-42A3-9474-1A3956D46DE8}") = "Application", "Application", "{B2DC990F-6300-493F-B4AB-F5E7957FCE6B}"
EndProject
Project("{2150E333-8FDC-42A3-9474-1A3956D46DE8}") = "Deploy", "Deploy", "{CAF1F08A-6305-4A18-9C85-5F588B1FE300}"
	ProjectSection(SolutionItems) = preProject
		deploy\build.bat = deploy\build.bat
		deploy\build.ps1 = deploy\build.ps1
		deploy\dev-clean.bat = deploy\dev-clean.bat
		deploy\dev-migrate.bat = deploy\dev-migrate.bat
		deploy\dev-recreate.bat = deploy\dev-recreate.bat
		deploy\VaBank.proj = deploy\VaBank.proj
		deploy\VaBank.props = deploy\VaBank.props
	EndProjectSection
EndProject
Project("{2150E333-8FDC-42A3-9474-1A3956D46DE8}") = "Documents", "Documents", "{59742D03-4D93-476D-95EB-0DAC08B37AB1}"
	ProjectSection(SolutionItems) = preProject
		readme.md = readme.md
	EndProjectSection
EndProject
Project("{FAE04EC0-301F-11D3-BF4B-00C04F79EFBC}") = "VaBank.Common", "src\VaBank.Common\VaBank.Common.csproj", "{E06FB03E-8249-4F94-9568-EC1247769273}"
EndProject
Project("{2150E333-8FDC-42A3-9474-1A3956D46DE8}") = "Tests", "Tests", "{3E87B4A8-FED6-4EE7-86FB-230AD85C2DE2}"
EndProject
Project("{FAE04EC0-301F-11D3-BF4B-00C04F79EFBC}") = "VaBank.Data.EntityFramework", "src\VaBank.Data.EntityFramework\VaBank.Data.EntityFramework.csproj", "{39A10C5C-1058-41D3-B40F-D0ECE134CD6F}"
EndProject
Project("{FAE04EC0-301F-11D3-BF4B-00C04F79EFBC}") = "VaBank.Core", "src\VaBank.Core\VaBank.Core.csproj", "{87E0A3C9-5CCD-4154-9EE3-E65CB54EFD0E}"
EndProject
Project("{FAE04EC0-301F-11D3-BF4B-00C04F79EFBC}") = "VaBank.Services", "src\VaBank.Services\VaBank.Services.csproj", "{ADFBF54D-6506-4AF9-996B-59F55FFC2066}"
EndProject
Project("{FAE04EC0-301F-11D3-BF4B-00C04F79EFBC}") = "VaBank.Services.Contracts", "src\VaBank.Services.Contracts\VaBank.Services.Contracts.csproj", "{C203F56A-2032-4BA5-A8AA-0CB7FD38B784}"
EndProject
Project("{FAE04EC0-301F-11D3-BF4B-00C04F79EFBC}") = "VaBank.Data.Tests", "tests\VaBank.Data.Tests\VaBank.Data.Tests.csproj", "{86080FBC-BE65-4BA0-8805-7370652BC516}"
EndProject
Project("{FAE04EC0-301F-11D3-BF4B-00C04F79EFBC}") = "VaBank.Common.Tests", "tests\VaBank.Common.Tests\VaBank.Common.Tests.csproj", "{84FB0238-52D9-4728-9AF4-7FD2A78B8131}"
EndProject
Project("{FAE04EC0-301F-11D3-BF4B-00C04F79EFBC}") = "VaBank.Services.Tests", "tests\VaBank.Services.Tests\VaBank.Services.Tests.csproj", "{670C82DB-D149-44F5-AA33-A1C4BC028C76}"
EndProject
Global
	GlobalSection(SolutionConfigurationPlatforms) = preSolution
		Debug|Any CPU = Debug|Any CPU
		Debug|AnyCPU = Debug|AnyCPU
		Debug|Mixed Platforms = Debug|Mixed Platforms
		Release|Any CPU = Release|Any CPU
		Release|AnyCPU = Release|AnyCPU
		Release|Mixed Platforms = Release|Mixed Platforms
	EndGlobalSection
	GlobalSection(ProjectConfigurationPlatforms) = postSolution
		{BD4A180E-5912-4DED-87E8-2618544A6AA8}.Debug|Any CPU.ActiveCfg = Debug|Any CPU
		{BD4A180E-5912-4DED-87E8-2618544A6AA8}.Debug|Any CPU.Build.0 = Debug|Any CPU
		{BD4A180E-5912-4DED-87E8-2618544A6AA8}.Debug|AnyCPU.ActiveCfg = Debug|Any CPU
		{BD4A180E-5912-4DED-87E8-2618544A6AA8}.Debug|AnyCPU.Build.0 = Debug|Any CPU
		{BD4A180E-5912-4DED-87E8-2618544A6AA8}.Debug|Mixed Platforms.ActiveCfg = Debug|Any CPU
		{BD4A180E-5912-4DED-87E8-2618544A6AA8}.Debug|Mixed Platforms.Build.0 = Debug|Any CPU
		{BD4A180E-5912-4DED-87E8-2618544A6AA8}.Release|Any CPU.ActiveCfg = Release|Any CPU
		{BD4A180E-5912-4DED-87E8-2618544A6AA8}.Release|Any CPU.Build.0 = Release|Any CPU
		{BD4A180E-5912-4DED-87E8-2618544A6AA8}.Release|AnyCPU.ActiveCfg = Release|Any CPU
		{BD4A180E-5912-4DED-87E8-2618544A6AA8}.Release|AnyCPU.Build.0 = Release|Any CPU
		{BD4A180E-5912-4DED-87E8-2618544A6AA8}.Release|Mixed Platforms.ActiveCfg = Release|Any CPU
		{BD4A180E-5912-4DED-87E8-2618544A6AA8}.Release|Mixed Platforms.Build.0 = Release|Any CPU
		{4D842337-3816-4752-AAE1-ECE3EC9EDD5B}.Debug|Any CPU.ActiveCfg = Debug|Any CPU
		{4D842337-3816-4752-AAE1-ECE3EC9EDD5B}.Debug|Any CPU.Build.0 = Debug|Any CPU
		{4D842337-3816-4752-AAE1-ECE3EC9EDD5B}.Debug|AnyCPU.ActiveCfg = Debug|Any CPU
		{4D842337-3816-4752-AAE1-ECE3EC9EDD5B}.Debug|AnyCPU.Build.0 = Debug|Any CPU
		{4D842337-3816-4752-AAE1-ECE3EC9EDD5B}.Debug|Mixed Platforms.ActiveCfg = Debug|Any CPU
		{4D842337-3816-4752-AAE1-ECE3EC9EDD5B}.Debug|Mixed Platforms.Build.0 = Debug|Any CPU
		{4D842337-3816-4752-AAE1-ECE3EC9EDD5B}.Release|Any CPU.ActiveCfg = Release|Any CPU
		{4D842337-3816-4752-AAE1-ECE3EC9EDD5B}.Release|Any CPU.Build.0 = Release|Any CPU
		{4D842337-3816-4752-AAE1-ECE3EC9EDD5B}.Release|AnyCPU.ActiveCfg = Release|Any CPU
		{4D842337-3816-4752-AAE1-ECE3EC9EDD5B}.Release|AnyCPU.Build.0 = Release|Any CPU
		{4D842337-3816-4752-AAE1-ECE3EC9EDD5B}.Release|Mixed Platforms.ActiveCfg = Release|Any CPU
		{4D842337-3816-4752-AAE1-ECE3EC9EDD5B}.Release|Mixed Platforms.Build.0 = Release|Any CPU
		{E06FB03E-8249-4F94-9568-EC1247769273}.Debug|Any CPU.ActiveCfg = Debug|Any CPU
		{E06FB03E-8249-4F94-9568-EC1247769273}.Debug|Any CPU.Build.0 = Debug|Any CPU
		{E06FB03E-8249-4F94-9568-EC1247769273}.Debug|AnyCPU.ActiveCfg = Debug|Any CPU
		{E06FB03E-8249-4F94-9568-EC1247769273}.Debug|AnyCPU.Build.0 = Debug|Any CPU
		{E06FB03E-8249-4F94-9568-EC1247769273}.Debug|Mixed Platforms.ActiveCfg = Debug|Any CPU
		{E06FB03E-8249-4F94-9568-EC1247769273}.Debug|Mixed Platforms.Build.0 = Debug|Any CPU
		{E06FB03E-8249-4F94-9568-EC1247769273}.Release|Any CPU.ActiveCfg = Release|Any CPU
		{E06FB03E-8249-4F94-9568-EC1247769273}.Release|Any CPU.Build.0 = Release|Any CPU
		{E06FB03E-8249-4F94-9568-EC1247769273}.Release|AnyCPU.ActiveCfg = Release|Any CPU
		{E06FB03E-8249-4F94-9568-EC1247769273}.Release|AnyCPU.Build.0 = Release|Any CPU
		{E06FB03E-8249-4F94-9568-EC1247769273}.Release|Mixed Platforms.ActiveCfg = Release|Any CPU
		{E06FB03E-8249-4F94-9568-EC1247769273}.Release|Mixed Platforms.Build.0 = Release|Any CPU
		{39A10C5C-1058-41D3-B40F-D0ECE134CD6F}.Debug|Any CPU.ActiveCfg = Debug|Any CPU
		{39A10C5C-1058-41D3-B40F-D0ECE134CD6F}.Debug|Any CPU.Build.0 = Debug|Any CPU
		{39A10C5C-1058-41D3-B40F-D0ECE134CD6F}.Debug|AnyCPU.ActiveCfg = Debug|Any CPU
		{39A10C5C-1058-41D3-B40F-D0ECE134CD6F}.Debug|AnyCPU.Build.0 = Debug|Any CPU
		{39A10C5C-1058-41D3-B40F-D0ECE134CD6F}.Debug|Mixed Platforms.ActiveCfg = Debug|Any CPU
		{39A10C5C-1058-41D3-B40F-D0ECE134CD6F}.Debug|Mixed Platforms.Build.0 = Debug|Any CPU
		{39A10C5C-1058-41D3-B40F-D0ECE134CD6F}.Release|Any CPU.ActiveCfg = Release|Any CPU
		{39A10C5C-1058-41D3-B40F-D0ECE134CD6F}.Release|Any CPU.Build.0 = Release|Any CPU
		{39A10C5C-1058-41D3-B40F-D0ECE134CD6F}.Release|AnyCPU.ActiveCfg = Release|Any CPU
		{39A10C5C-1058-41D3-B40F-D0ECE134CD6F}.Release|AnyCPU.Build.0 = Release|Any CPU
		{39A10C5C-1058-41D3-B40F-D0ECE134CD6F}.Release|Mixed Platforms.ActiveCfg = Release|Any CPU
		{39A10C5C-1058-41D3-B40F-D0ECE134CD6F}.Release|Mixed Platforms.Build.0 = Release|Any CPU
		{87E0A3C9-5CCD-4154-9EE3-E65CB54EFD0E}.Debug|Any CPU.ActiveCfg = Debug|Any CPU
		{87E0A3C9-5CCD-4154-9EE3-E65CB54EFD0E}.Debug|Any CPU.Build.0 = Debug|Any CPU
		{87E0A3C9-5CCD-4154-9EE3-E65CB54EFD0E}.Debug|AnyCPU.ActiveCfg = Debug|Any CPU
		{87E0A3C9-5CCD-4154-9EE3-E65CB54EFD0E}.Debug|AnyCPU.Build.0 = Debug|Any CPU
		{87E0A3C9-5CCD-4154-9EE3-E65CB54EFD0E}.Debug|Mixed Platforms.ActiveCfg = Debug|Any CPU
		{87E0A3C9-5CCD-4154-9EE3-E65CB54EFD0E}.Debug|Mixed Platforms.Build.0 = Debug|Any CPU
		{87E0A3C9-5CCD-4154-9EE3-E65CB54EFD0E}.Release|Any CPU.ActiveCfg = Release|Any CPU
		{87E0A3C9-5CCD-4154-9EE3-E65CB54EFD0E}.Release|Any CPU.Build.0 = Release|Any CPU
		{87E0A3C9-5CCD-4154-9EE3-E65CB54EFD0E}.Release|AnyCPU.ActiveCfg = Release|Any CPU
		{87E0A3C9-5CCD-4154-9EE3-E65CB54EFD0E}.Release|AnyCPU.Build.0 = Release|Any CPU
		{87E0A3C9-5CCD-4154-9EE3-E65CB54EFD0E}.Release|Mixed Platforms.ActiveCfg = Release|Any CPU
		{87E0A3C9-5CCD-4154-9EE3-E65CB54EFD0E}.Release|Mixed Platforms.Build.0 = Release|Any CPU
		{ADFBF54D-6506-4AF9-996B-59F55FFC2066}.Debug|Any CPU.ActiveCfg = Debug|Any CPU
		{ADFBF54D-6506-4AF9-996B-59F55FFC2066}.Debug|Any CPU.Build.0 = Debug|Any CPU
		{ADFBF54D-6506-4AF9-996B-59F55FFC2066}.Debug|AnyCPU.ActiveCfg = Debug|Any CPU
		{ADFBF54D-6506-4AF9-996B-59F55FFC2066}.Debug|AnyCPU.Build.0 = Debug|Any CPU
		{ADFBF54D-6506-4AF9-996B-59F55FFC2066}.Debug|Mixed Platforms.ActiveCfg = Debug|Any CPU
		{ADFBF54D-6506-4AF9-996B-59F55FFC2066}.Debug|Mixed Platforms.Build.0 = Debug|Any CPU
		{ADFBF54D-6506-4AF9-996B-59F55FFC2066}.Release|Any CPU.ActiveCfg = Release|Any CPU
		{ADFBF54D-6506-4AF9-996B-59F55FFC2066}.Release|Any CPU.Build.0 = Release|Any CPU
		{ADFBF54D-6506-4AF9-996B-59F55FFC2066}.Release|AnyCPU.ActiveCfg = Release|Any CPU
		{ADFBF54D-6506-4AF9-996B-59F55FFC2066}.Release|AnyCPU.Build.0 = Release|Any CPU
		{ADFBF54D-6506-4AF9-996B-59F55FFC2066}.Release|Mixed Platforms.ActiveCfg = Release|Any CPU
		{ADFBF54D-6506-4AF9-996B-59F55FFC2066}.Release|Mixed Platforms.Build.0 = Release|Any CPU
		{C203F56A-2032-4BA5-A8AA-0CB7FD38B784}.Debug|Any CPU.ActiveCfg = Debug|Any CPU
		{C203F56A-2032-4BA5-A8AA-0CB7FD38B784}.Debug|Any CPU.Build.0 = Debug|Any CPU
		{C203F56A-2032-4BA5-A8AA-0CB7FD38B784}.Debug|AnyCPU.ActiveCfg = Debug|Any CPU
		{C203F56A-2032-4BA5-A8AA-0CB7FD38B784}.Debug|AnyCPU.Build.0 = Debug|Any CPU
		{C203F56A-2032-4BA5-A8AA-0CB7FD38B784}.Debug|Mixed Platforms.ActiveCfg = Debug|Any CPU
		{C203F56A-2032-4BA5-A8AA-0CB7FD38B784}.Debug|Mixed Platforms.Build.0 = Debug|Any CPU
		{C203F56A-2032-4BA5-A8AA-0CB7FD38B784}.Release|Any CPU.ActiveCfg = Release|Any CPU
		{C203F56A-2032-4BA5-A8AA-0CB7FD38B784}.Release|Any CPU.Build.0 = Release|Any CPU
		{C203F56A-2032-4BA5-A8AA-0CB7FD38B784}.Release|AnyCPU.ActiveCfg = Release|Any CPU
		{C203F56A-2032-4BA5-A8AA-0CB7FD38B784}.Release|AnyCPU.Build.0 = Release|Any CPU
		{C203F56A-2032-4BA5-A8AA-0CB7FD38B784}.Release|Mixed Platforms.ActiveCfg = Release|Any CPU
		{C203F56A-2032-4BA5-A8AA-0CB7FD38B784}.Release|Mixed Platforms.Build.0 = Release|Any CPU
		{86080FBC-BE65-4BA0-8805-7370652BC516}.Debug|Any CPU.ActiveCfg = Debug|Any CPU
		{86080FBC-BE65-4BA0-8805-7370652BC516}.Debug|Any CPU.Build.0 = Debug|Any CPU
		{86080FBC-BE65-4BA0-8805-7370652BC516}.Debug|AnyCPU.ActiveCfg = Debug|Any CPU
		{86080FBC-BE65-4BA0-8805-7370652BC516}.Debug|AnyCPU.Build.0 = Debug|Any CPU
		{86080FBC-BE65-4BA0-8805-7370652BC516}.Debug|Mixed Platforms.ActiveCfg = Debug|Any CPU
		{86080FBC-BE65-4BA0-8805-7370652BC516}.Debug|Mixed Platforms.Build.0 = Debug|Any CPU
		{86080FBC-BE65-4BA0-8805-7370652BC516}.Release|Any CPU.ActiveCfg = Release|Any CPU
		{86080FBC-BE65-4BA0-8805-7370652BC516}.Release|Any CPU.Build.0 = Release|Any CPU
		{86080FBC-BE65-4BA0-8805-7370652BC516}.Release|AnyCPU.ActiveCfg = Release|Any CPU
		{86080FBC-BE65-4BA0-8805-7370652BC516}.Release|AnyCPU.Build.0 = Release|Any CPU
		{86080FBC-BE65-4BA0-8805-7370652BC516}.Release|Mixed Platforms.ActiveCfg = Release|Any CPU
		{86080FBC-BE65-4BA0-8805-7370652BC516}.Release|Mixed Platforms.Build.0 = Release|Any CPU
		{84FB0238-52D9-4728-9AF4-7FD2A78B8131}.Debug|Any CPU.ActiveCfg = Debug|Any CPU
		{84FB0238-52D9-4728-9AF4-7FD2A78B8131}.Debug|Any CPU.Build.0 = Debug|Any CPU
		{84FB0238-52D9-4728-9AF4-7FD2A78B8131}.Debug|AnyCPU.ActiveCfg = Debug|Any CPU
		{84FB0238-52D9-4728-9AF4-7FD2A78B8131}.Debug|AnyCPU.Build.0 = Debug|Any CPU
		{84FB0238-52D9-4728-9AF4-7FD2A78B8131}.Debug|Mixed Platforms.ActiveCfg = Debug|Any CPU
		{84FB0238-52D9-4728-9AF4-7FD2A78B8131}.Debug|Mixed Platforms.Build.0 = Debug|Any CPU
		{84FB0238-52D9-4728-9AF4-7FD2A78B8131}.Release|Any CPU.ActiveCfg = Release|Any CPU
		{84FB0238-52D9-4728-9AF4-7FD2A78B8131}.Release|Any CPU.Build.0 = Release|Any CPU
		{84FB0238-52D9-4728-9AF4-7FD2A78B8131}.Release|AnyCPU.ActiveCfg = Release|Any CPU
		{84FB0238-52D9-4728-9AF4-7FD2A78B8131}.Release|AnyCPU.Build.0 = Release|Any CPU
		{84FB0238-52D9-4728-9AF4-7FD2A78B8131}.Release|Mixed Platforms.ActiveCfg = Release|Any CPU
		{84FB0238-52D9-4728-9AF4-7FD2A78B8131}.Release|Mixed Platforms.Build.0 = Release|Any CPU
		{670C82DB-D149-44F5-AA33-A1C4BC028C76}.Debug|Any CPU.ActiveCfg = Debug|Any CPU
		{670C82DB-D149-44F5-AA33-A1C4BC028C76}.Debug|Any CPU.Build.0 = Debug|Any CPU
		{670C82DB-D149-44F5-AA33-A1C4BC028C76}.Debug|AnyCPU.ActiveCfg = Debug|Any CPU
		{670C82DB-D149-44F5-AA33-A1C4BC028C76}.Debug|AnyCPU.Build.0 = Debug|Any CPU
		{670C82DB-D149-44F5-AA33-A1C4BC028C76}.Debug|Mixed Platforms.ActiveCfg = Debug|Any CPU
		{670C82DB-D149-44F5-AA33-A1C4BC028C76}.Debug|Mixed Platforms.Build.0 = Debug|Any CPU
		{670C82DB-D149-44F5-AA33-A1C4BC028C76}.Release|Any CPU.ActiveCfg = Release|Any CPU
		{670C82DB-D149-44F5-AA33-A1C4BC028C76}.Release|Any CPU.Build.0 = Release|Any CPU
		{670C82DB-D149-44F5-AA33-A1C4BC028C76}.Release|AnyCPU.ActiveCfg = Release|Any CPU
		{670C82DB-D149-44F5-AA33-A1C4BC028C76}.Release|AnyCPU.Build.0 = Release|Any CPU
		{670C82DB-D149-44F5-AA33-A1C4BC028C76}.Release|Mixed Platforms.ActiveCfg = Release|Any CPU
		{670C82DB-D149-44F5-AA33-A1C4BC028C76}.Release|Mixed Platforms.Build.0 = Release|Any CPU
	EndGlobalSection
	GlobalSection(SolutionProperties) = preSolution
		HideSolutionNode = FALSE
	EndGlobalSection
	GlobalSection(NestedProjects) = preSolution
		{BD4A180E-5912-4DED-87E8-2618544A6AA8} = {B2DC990F-6300-493F-B4AB-F5E7957FCE6B}
		{4D842337-3816-4752-AAE1-ECE3EC9EDD5B} = {80F35BD9-1E60-4A69-A76A-750171DDA4D6}
		{E06FB03E-8249-4F94-9568-EC1247769273} = {B2DC990F-6300-493F-B4AB-F5E7957FCE6B}
		{39A10C5C-1058-41D3-B40F-D0ECE134CD6F} = {80F35BD9-1E60-4A69-A76A-750171DDA4D6}
		{87E0A3C9-5CCD-4154-9EE3-E65CB54EFD0E} = {B2DC990F-6300-493F-B4AB-F5E7957FCE6B}
		{ADFBF54D-6506-4AF9-996B-59F55FFC2066} = {B2DC990F-6300-493F-B4AB-F5E7957FCE6B}
		{C203F56A-2032-4BA5-A8AA-0CB7FD38B784} = {B2DC990F-6300-493F-B4AB-F5E7957FCE6B}
		{86080FBC-BE65-4BA0-8805-7370652BC516} = {3E87B4A8-FED6-4EE7-86FB-230AD85C2DE2}
		{84FB0238-52D9-4728-9AF4-7FD2A78B8131} = {3E87B4A8-FED6-4EE7-86FB-230AD85C2DE2}
		{670C82DB-D149-44F5-AA33-A1C4BC028C76} = {3E87B4A8-FED6-4EE7-86FB-230AD85C2DE2}
	EndGlobalSection
EndGlobal
